// !$*UTF8*$!
{
	archiveVersion = 1;
	classes = {
	};
	objectVersion = 56;
	objects = {

/* Begin PBXBuildFile section */
		35EC6DFE83228EEB099D578C /* Pods_E_commerce_App.framework in Frameworks */ = {isa = PBXBuildFile; fileRef = 370E931B89E99DBA283F81E0 /* Pods_E_commerce_App.framework */; };
		A1D32E972CBAD2F600E73873 /* AppDelegate.swift in Sources */ = {isa = PBXBuildFile; fileRef = A1D32E962CBAD2F600E73873 /* AppDelegate.swift */; };
		A1D32E992CBAD2F600E73873 /* SceneDelegate.swift in Sources */ = {isa = PBXBuildFile; fileRef = A1D32E982CBAD2F600E73873 /* SceneDelegate.swift */; };
		A1D32E9B2CBAD2F600E73873 /* ViewController.swift in Sources */ = {isa = PBXBuildFile; fileRef = A1D32E9A2CBAD2F600E73873 /* ViewController.swift */; };
		A1D32E9E2CBAD2F600E73873 /* Main.storyboard in Resources */ = {isa = PBXBuildFile; fileRef = A1D32E9C2CBAD2F600E73873 /* Main.storyboard */; };
		A1D32EA02CBAD2F800E73873 /* Assets.xcassets in Resources */ = {isa = PBXBuildFile; fileRef = A1D32E9F2CBAD2F800E73873 /* Assets.xcassets */; };
		A1D32EA32CBAD2F800E73873 /* LaunchScreen.storyboard in Resources */ = {isa = PBXBuildFile; fileRef = A1D32EA12CBAD2F800E73873 /* LaunchScreen.storyboard */; };
/* End PBXBuildFile section */

/* Begin PBXFileReference section */
		370E931B89E99DBA283F81E0 /* Pods_E_commerce_App.framework */ = {isa = PBXFileReference; explicitFileType = wrapper.framework; includeInIndex = 0; path = Pods_E_commerce_App.framework; sourceTree = BUILT_PRODUCTS_DIR; };
		66A4EBD5A057B2A0E0D33694 /* Pods-E-commerce-App.release.xcconfig */ = {isa = PBXFileReference; includeInIndex = 1; lastKnownFileType = text.xcconfig; name = "Pods-E-commerce-App.release.xcconfig"; path = "Target Support Files/Pods-E-commerce-App/Pods-E-commerce-App.release.xcconfig"; sourceTree = "<group>"; };
		A1D32E932CBAD2F600E73873 /* E-commerce-App.app */ = {isa = PBXFileReference; explicitFileType = wrapper.application; includeInIndex = 0; path = "E-commerce-App.app"; sourceTree = BUILT_PRODUCTS_DIR; };
		A1D32E962CBAD2F600E73873 /* AppDelegate.swift */ = {isa = PBXFileReference; lastKnownFileType = sourcecode.swift; path = AppDelegate.swift; sourceTree = "<group>"; };
		A1D32E982CBAD2F600E73873 /* SceneDelegate.swift */ = {isa = PBXFileReference; lastKnownFileType = sourcecode.swift; path = SceneDelegate.swift; sourceTree = "<group>"; };
		A1D32E9A2CBAD2F600E73873 /* ViewController.swift */ = {isa = PBXFileReference; lastKnownFileType = sourcecode.swift; path = ViewController.swift; sourceTree = "<group>"; };
		A1D32E9D2CBAD2F600E73873 /* Base */ = {isa = PBXFileReference; lastKnownFileType = file.storyboard; name = Base; path = Base.lproj/Main.storyboard; sourceTree = "<group>"; };
		A1D32E9F2CBAD2F800E73873 /* Assets.xcassets */ = {isa = PBXFileReference; lastKnownFileType = folder.assetcatalog; path = Assets.xcassets; sourceTree = "<group>"; };
		A1D32EA22CBAD2F800E73873 /* Base */ = {isa = PBXFileReference; lastKnownFileType = file.storyboard; name = Base; path = Base.lproj/LaunchScreen.storyboard; sourceTree = "<group>"; };
		A1D32EA42CBAD2F800E73873 /* Info.plist */ = {isa = PBXFileReference; lastKnownFileType = text.plist.xml; path = Info.plist; sourceTree = "<group>"; };
		A9B881BFF69DF9B4AD509198 /* Pods-E-commerce-App.debug.xcconfig */ = {isa = PBXFileReference; includeInIndex = 1; lastKnownFileType = text.xcconfig; name = "Pods-E-commerce-App.debug.xcconfig"; path = "Target Support Files/Pods-E-commerce-App/Pods-E-commerce-App.debug.xcconfig"; sourceTree = "<group>"; };
/* End PBXFileReference section */

/* Begin PBXFrameworksBuildPhase section */
		A1D32E902CBAD2F600E73873 /* Frameworks */ = {
			isa = PBXFrameworksBuildPhase;
			buildActionMask = 2147483647;
			files = (
				35EC6DFE83228EEB099D578C /* Pods_E_commerce_App.framework in Frameworks */,
			);
			runOnlyForDeploymentPostprocessing = 0;
		};
/* End PBXFrameworksBuildPhase section */

/* Begin PBXGroup section */
		042AFF4DF9EFCEA2D5F41F17 /* Frameworks */ = {
			isa = PBXGroup;
			children = (
				370E931B89E99DBA283F81E0 /* Pods_E_commerce_App.framework */,
			);
			name = Frameworks;
			sourceTree = "<group>";
		};
		7C5A5E09DD6DBFFCCD87C7E5 /* Pods */ = {
			isa = PBXGroup;
			children = (
				A9B881BFF69DF9B4AD509198 /* Pods-E-commerce-App.debug.xcconfig */,
				66A4EBD5A057B2A0E0D33694 /* Pods-E-commerce-App.release.xcconfig */,
			);
			name = Pods;
			path = Pods;
			sourceTree = "<group>";
		};
		A1D32E8A2CBAD2F600E73873 = {
			isa = PBXGroup;
			children = (
				A1D32E952CBAD2F600E73873 /* E-commerce-App */,
				A1D32E942CBAD2F600E73873 /* Products */,
				7C5A5E09DD6DBFFCCD87C7E5 /* Pods */,
				042AFF4DF9EFCEA2D5F41F17 /* Frameworks */,
			);
			sourceTree = "<group>";
		};
		A1D32E942CBAD2F600E73873 /* Products */ = {
			isa = PBXGroup;
			children = (
				A1D32E932CBAD2F600E73873 /* E-commerce-App.app */,
			);
			name = Products;
			sourceTree = "<group>";
		};
		A1D32E952CBAD2F600E73873 /* E-commerce-App */ = {
			isa = PBXGroup;
			children = (
				A1D32E962CBAD2F600E73873 /* AppDelegate.swift */,
				A1D32E982CBAD2F600E73873 /* SceneDelegate.swift */,
				A1D32E9A2CBAD2F600E73873 /* ViewController.swift */,
				A1D32E9C2CBAD2F600E73873 /* Main.storyboard */,
				A1D32E9F2CBAD2F800E73873 /* Assets.xcassets */,
				A1D32EA12CBAD2F800E73873 /* LaunchScreen.storyboard */,
				A1D32EA42CBAD2F800E73873 /* Info.plist */,
			);
			path = "E-commerce-App";
			sourceTree = "<group>";
		};
/* End PBXGroup section */

/* Begin PBXNativeTarget section */
		A1D32E922CBAD2F600E73873 /* E-commerce-App */ = {
			isa = PBXNativeTarget;
			buildConfigurationList = A1D32EA72CBAD2F800E73873 /* Build configuration list for PBXNativeTarget "E-commerce-App" */;
			buildPhases = (
				2505412136EA85C6886A36ED /* [CP] Check Pods Manifest.lock */,
				A1D32E8F2CBAD2F600E73873 /* Sources */,
				A1D32E902CBAD2F600E73873 /* Frameworks */,
				A1D32E912CBAD2F600E73873 /* Resources */,
				817F6AE57B0D259401B5AEFE /* [CP] Embed Pods Frameworks */,
			);
			buildRules = (
			);
			dependencies = (
			);
			name = "E-commerce-App";
			productName = "E-commerce-App";
			productReference = A1D32E932CBAD2F600E73873 /* E-commerce-App.app */;
			productType = "com.apple.product-type.application";
		};
/* End PBXNativeTarget section */

/* Begin PBXProject section */
		A1D32E8B2CBAD2F600E73873 /* Project object */ = {
			isa = PBXProject;
			attributes = {
				BuildIndependentTargetsInParallel = 1;
				LastSwiftUpdateCheck = 1520;
				LastUpgradeCheck = 1520;
				TargetAttributes = {
					A1D32E922CBAD2F600E73873 = {
						CreatedOnToolsVersion = 15.2;
					};
				};
			};
			buildConfigurationList = A1D32E8E2CBAD2F600E73873 /* Build configuration list for PBXProject "E-commerce-App" */;
			compatibilityVersion = "Xcode 14.0";
			developmentRegion = en;
			hasScannedForEncodings = 0;
			knownRegions = (
				en,
				Base,
			);
			mainGroup = A1D32E8A2CBAD2F600E73873;
			productRefGroup = A1D32E942CBAD2F600E73873 /* Products */;
			projectDirPath = "";
			projectRoot = "";
			targets = (
				A1D32E922CBAD2F600E73873 /* E-commerce-App */,
			);
		};
/* End PBXProject section */

/* Begin PBXResourcesBuildPhase section */
		A1D32E912CBAD2F600E73873 /* Resources */ = {
			isa = PBXResourcesBuildPhase;
			buildActionMask = 2147483647;
			files = (
				A1D32EA32CBAD2F800E73873 /* LaunchScreen.storyboard in Resources */,
				A1D32EA02CBAD2F800E73873 /* Assets.xcassets in Resources */,
				A1D32E9E2CBAD2F600E73873 /* Main.storyboard in Resources */,
			);
			runOnlyForDeploymentPostprocessing = 0;
		};
/* End PBXResourcesBuildPhase section */

/* Begin PBXShellScriptBuildPhase section */
		2505412136EA85C6886A36ED /* [CP] Check Pods Manifest.lock */ = {
			isa = PBXShellScriptBuildPhase;
			buildActionMask = 2147483647;
			files = (
			);
			inputFileListPaths = (
			);
			inputPaths = (
				"${PODS_PODFILE_DIR_PATH}/Podfile.lock",
				"${PODS_ROOT}/Manifest.lock",
			);
			name = "[CP] Check Pods Manifest.lock";
			outputFileListPaths = (
			);
			outputPaths = (
				"$(DERIVED_FILE_DIR)/Pods-E-commerce-App-checkManifestLockResult.txt",
			);
			runOnlyForDeploymentPostprocessing = 0;
			shellPath = /bin/sh;
			shellScript = "diff \"${PODS_PODFILE_DIR_PATH}/Podfile.lock\" \"${PODS_ROOT}/Manifest.lock\" > /dev/null\nif [ $? != 0 ] ; then\n    # print error to STDERR\n    echo \"error: The sandbox is not in sync with the Podfile.lock. Run 'pod install' or update your CocoaPods installation.\" >&2\n    exit 1\nfi\n# This output is used by Xcode 'outputs' to avoid re-running this script phase.\necho \"SUCCESS\" > \"${SCRIPT_OUTPUT_FILE_0}\"\n";
			showEnvVarsInLog = 0;
		};
		817F6AE57B0D259401B5AEFE /* [CP] Embed Pods Frameworks */ = {
			isa = PBXShellScriptBuildPhase;
			buildActionMask = 2147483647;
			files = (
			);
			inputFileListPaths = (
				"${PODS_ROOT}/Target Support Files/Pods-E-commerce-App/Pods-E-commerce-App-frameworks-${CONFIGURATION}-input-files.xcfilelist",
			);
			name = "[CP] Embed Pods Frameworks";
			outputFileListPaths = (
				"${PODS_ROOT}/Target Support Files/Pods-E-commerce-App/Pods-E-commerce-App-frameworks-${CONFIGURATION}-output-files.xcfilelist",
			);
			runOnlyForDeploymentPostprocessing = 0;
			shellPath = /bin/sh;
			shellScript = "\"${PODS_ROOT}/Target Support Files/Pods-E-commerce-App/Pods-E-commerce-App-frameworks.sh\"\n";
			showEnvVarsInLog = 0;
		};
/* End PBXShellScriptBuildPhase section */

/* Begin PBXSourcesBuildPhase section */
		A1D32E8F2CBAD2F600E73873 /* Sources */ = {
			isa = PBXSourcesBuildPhase;
			buildActionMask = 2147483647;
			files = (
				A1D32E9B2CBAD2F600E73873 /* ViewController.swift in Sources */,
				A1D32E972CBAD2F600E73873 /* AppDelegate.swift in Sources */,
				A1D32E992CBAD2F600E73873 /* SceneDelegate.swift in Sources */,
			);
			runOnlyForDeploymentPostprocessing = 0;
		};
/* End PBXSourcesBuildPhase section */

/* Begin PBXVariantGroup section */
		A1D32E9C2CBAD2F600E73873 /* Main.storyboard */ = {
			isa = PBXVariantGroup;
			children = (
				A1D32E9D2CBAD2F600E73873 /* Base */,
			);
			name = Main.storyboard;
			sourceTree = "<group>";
		};
		A1D32EA12CBAD2F800E73873 /* LaunchScreen.storyboard */ = {
			isa = PBXVariantGroup;
			children = (
				A1D32EA22CBAD2F800E73873 /* Base */,
			);
			name = LaunchScreen.storyboard;
			sourceTree = "<group>";
		};
/* End PBXVariantGroup section */

/* Begin XCBuildConfiguration section */
		A1D32EA52CBAD2F800E73873 /* Debug */ = {
			isa = XCBuildConfiguration;
			buildSettings = {
				ALWAYS_SEARCH_USER_PATHS = NO;
				ASSETCATALOG_COMPILER_GENERATE_SWIFT_ASSET_SYMBOL_EXTENSIONS = YES;
				CLANG_ANALYZER_NONNULL = YES;
				CLANG_ANALYZER_NUMBER_OBJECT_CONVERSION = YES_AGGRESSIVE;
				CLANG_CXX_LANGUAGE_STANDARD = "gnu++20";
				CLANG_ENABLE_MODULES = YES;
				CLANG_ENABLE_OBJC_ARC = YES;
				CLANG_ENABLE_OBJC_WEAK = YES;
				CLANG_WARN_BLOCK_CAPTURE_AUTORELEASING = YES;
				CLANG_WARN_BOOL_CONVERSION = YES;
				CLANG_WARN_COMMA = YES;
				CLANG_WARN_CONSTANT_CONVERSION = YES;
				CLANG_WARN_DEPRECATED_OBJC_IMPLEMENTATIONS = YES;
				CLANG_WARN_DIRECT_OBJC_ISA_USAGE = YES_ERROR;
				CLANG_WARN_DOCUMENTATION_COMMENTS = YES;
				CLANG_WARN_EMPTY_BODY = YES;
				CLANG_WARN_ENUM_CONVERSION = YES;
				CLANG_WARN_INFINITE_RECURSION = YES;
				CLANG_WARN_INT_CONVERSION = YES;
				CLANG_WARN_NON_LITERAL_NULL_CONVERSION = YES;
				CLANG_WARN_OBJC_IMPLICIT_RETAIN_SELF = YES;
				CLANG_WARN_OBJC_LITERAL_CONVERSION = YES;
				CLANG_WARN_OBJC_ROOT_CLASS = YES_ERROR;
				CLANG_WARN_QUOTED_INCLUDE_IN_FRAMEWORK_HEADER = YES;
				CLANG_WARN_RANGE_LOOP_ANALYSIS = YES;
				CLANG_WARN_STRICT_PROTOTYPES = YES;
				CLANG_WARN_SUSPICIOUS_MOVE = YES;
				CLANG_WARN_UNGUARDED_AVAILABILITY = YES_AGGRESSIVE;
				CLANG_WARN_UNREACHABLE_CODE = YES;
				CLANG_WARN__DUPLICATE_METHOD_MATCH = YES;
				COPY_PHASE_STRIP = NO;
				DEBUG_INFORMATION_FORMAT = dwarf;
				ENABLE_STRICT_OBJC_MSGSEND = YES;
				ENABLE_TESTABILITY = YES;
				ENABLE_USER_SCRIPT_SANDBOXING = YES;
				GCC_C_LANGUAGE_STANDARD = gnu17;
				GCC_DYNAMIC_NO_PIC = NO;
				GCC_NO_COMMON_BLOCKS = YES;
				GCC_OPTIMIZATION_LEVEL = 0;
				GCC_PREPROCESSOR_DEFINITIONS = (
					"DEBUG=1",
					"$(inherited)",
				);
				GCC_WARN_64_TO_32_BIT_CONVERSION = YES;
				GCC_WARN_ABOUT_RETURN_TYPE = YES_ERROR;
				GCC_WARN_UNDECLARED_SELECTOR = YES;
				GCC_WARN_UNINITIALIZED_AUTOS = YES_AGGRESSIVE;
				GCC_WARN_UNUSED_FUNCTION = YES;
				GCC_WARN_UNUSED_VARIABLE = YES;
				IPHONEOS_DEPLOYMENT_TARGET = 17.2;
				LOCALIZATION_PREFERS_STRING_CATALOGS = YES;
				MTL_ENABLE_DEBUG_INFO = INCLUDE_SOURCE;
				MTL_FAST_MATH = YES;
				ONLY_ACTIVE_ARCH = YES;
				SDKROOT = iphoneos;
				SWIFT_ACTIVE_COMPILATION_CONDITIONS = "DEBUG $(inherited)";
				SWIFT_OPTIMIZATION_LEVEL = "-Onone";
			};
			name = Debug;
		};
		A1D32EA62CBAD2F800E73873 /* Release */ = {
			isa = XCBuildConfiguration;
			buildSettings = {
				ALWAYS_SEARCH_USER_PATHS = NO;
				ASSETCATALOG_COMPILER_GENERATE_SWIFT_ASSET_SYMBOL_EXTENSIONS = YES;
				CLANG_ANALYZER_NONNULL = YES;
				CLANG_ANALYZER_NUMBER_OBJECT_CONVERSION = YES_AGGRESSIVE;
				CLANG_CXX_LANGUAGE_STANDARD = "gnu++20";
				CLANG_ENABLE_MODULES = YES;
				CLANG_ENABLE_OBJC_ARC = YES;
				CLANG_ENABLE_OBJC_WEAK = YES;
				CLANG_WARN_BLOCK_CAPTURE_AUTORELEASING = YES;
				CLANG_WARN_BOOL_CONVERSION = YES;
				CLANG_WARN_COMMA = YES;
				CLANG_WARN_CONSTANT_CONVERSION = YES;
				CLANG_WARN_DEPRECATED_OBJC_IMPLEMENTATIONS = YES;
				CLANG_WARN_DIRECT_OBJC_ISA_USAGE = YES_ERROR;
				CLANG_WARN_DOCUMENTATION_COMMENTS = YES;
				CLANG_WARN_EMPTY_BODY = YES;
				CLANG_WARN_ENUM_CONVERSION = YES;
				CLANG_WARN_INFINITE_RECURSION = YES;
				CLANG_WARN_INT_CONVERSION = YES;
				CLANG_WARN_NON_LITERAL_NULL_CONVERSION = YES;
				CLANG_WARN_OBJC_IMPLICIT_RETAIN_SELF = YES;
				CLANG_WARN_OBJC_LITERAL_CONVERSION = YES;
				CLANG_WARN_OBJC_ROOT_CLASS = YES_ERROR;
				CLANG_WARN_QUOTED_INCLUDE_IN_FRAMEWORK_HEADER = YES;
				CLANG_WARN_RANGE_LOOP_ANALYSIS = YES;
				CLANG_WARN_STRICT_PROTOTYPES = YES;
				CLANG_WARN_SUSPICIOUS_MOVE = YES;
				CLANG_WARN_UNGUARDED_AVAILABILITY = YES_AGGRESSIVE;
				CLANG_WARN_UNREACHABLE_CODE = YES;
				CLANG_WARN__DUPLICATE_METHOD_MATCH = YES;
				COPY_PHASE_STRIP = NO;
				DEBUG_INFORMATION_FORMAT = "dwarf-with-dsym";
				ENABLE_NS_ASSERTIONS = NO;
				ENABLE_STRICT_OBJC_MSGSEND = YES;
				ENABLE_USER_SCRIPT_SANDBOXING = YES;
				GCC_C_LANGUAGE_STANDARD = gnu17;
				GCC_NO_COMMON_BLOCKS = YES;
				GCC_WARN_64_TO_32_BIT_CONVERSION = YES;
				GCC_WARN_ABOUT_RETURN_TYPE = YES_ERROR;
				GCC_WARN_UNDECLARED_SELECTOR = YES;
				GCC_WARN_UNINITIALIZED_AUTOS = YES_AGGRESSIVE;
				GCC_WARN_UNUSED_FUNCTION = YES;
				GCC_WARN_UNUSED_VARIABLE = YES;
				IPHONEOS_DEPLOYMENT_TARGET = 17.2;
				LOCALIZATION_PREFERS_STRING_CATALOGS = YES;
				MTL_ENABLE_DEBUG_INFO = NO;
				MTL_FAST_MATH = YES;
				SDKROOT = iphoneos;
				SWIFT_COMPILATION_MODE = wholemodule;
				VALIDATE_PRODUCT = YES;
			};
			name = Release;
		};
		A1D32EA82CBAD2F800E73873 /* Debug */ = {
			isa = XCBuildConfiguration;
			baseConfigurationReference = A9B881BFF69DF9B4AD509198 /* Pods-E-commerce-App.debug.xcconfig */;
			buildSettings = {
				ASSETCATALOG_COMPILER_APPICON_NAME = AppIcon;
				ASSETCATALOG_COMPILER_GLOBAL_ACCENT_COLOR_NAME = AccentColor;
				CODE_SIGN_STYLE = Automatic;
				CURRENT_PROJECT_VERSION = 1;
				DEVELOPMENT_TEAM = 26M3H74736;
				GENERATE_INFOPLIST_FILE = YES;
				INFOPLIST_FILE = "E-commerce-App/Info.plist";
				INFOPLIST_KEY_UIApplicationSupportsIndirectInputEvents = YES;
				INFOPLIST_KEY_UILaunchStoryboardName = LaunchScreen;
				INFOPLIST_KEY_UIMainStoryboardFile = Main;
				INFOPLIST_KEY_UISupportedInterfaceOrientations_iPad = "UIInterfaceOrientationPortrait UIInterfaceOrientationPortraitUpsideDown UIInterfaceOrientationLandscapeLeft UIInterfaceOrientationLandscapeRight";
				INFOPLIST_KEY_UISupportedInterfaceOrientations_iPhone = "UIInterfaceOrientationPortrait UIInterfaceOrientationLandscapeLeft UIInterfaceOrientationLandscapeRight";
				LD_RUNPATH_SEARCH_PATHS = (
					"$(inherited)",
					"@executable_path/Frameworks",
				);
				MARKETING_VERSION = 1.0;
				PRODUCT_BUNDLE_IDENTIFIER = "me.vision.pro.exp.E-commerce-App";
				PRODUCT_NAME = "$(TARGET_NAME)";
				SWIFT_EMIT_LOC_STRINGS = YES;
				SWIFT_VERSION = 5.0;
				TARGETED_DEVICE_FAMILY = "1,2";
			};
			name = Debug;
		};
		A1D32EA92CBAD2F800E73873 /* Release */ = {
			isa = XCBuildConfiguration;
			baseConfigurationReference = 66A4EBD5A057B2A0E0D33694 /* Pods-E-commerce-App.release.xcconfig */;
			buildSettings = {
				ASSETCATALOG_COMPILER_APPICON_NAME = AppIcon;
				ASSETCATALOG_COMPILER_GLOBAL_ACCENT_COLOR_NAME = AccentColor;
				CODE_SIGN_STYLE = Automatic;
				CURRENT_PROJECT_VERSION = 1;
				DEVELOPMENT_TEAM = 26M3H74736;
				GENERATE_INFOPLIST_FILE = YES;
				INFOPLIST_FILE = "E-commerce-App/Info.plist";
				INFOPLIST_KEY_UIApplicationSupportsIndirectInputEvents = YES;
				INFOPLIST_KEY_UILaunchStoryboardName = LaunchScreen;
				INFOPLIST_KEY_UIMainStoryboardFile = Main;
				INFOPLIST_KEY_UISupportedInterfaceOrientations_iPad = "UIInterfaceOrientationPortrait UIInterfaceOrientationPortraitUpsideDown UIInterfaceOrientationLandscapeLeft UIInterfaceOrientationLandscapeRight";
				INFOPLIST_KEY_UISupportedInterfaceOrientations_iPhone = "UIInterfaceOrientationPortrait UIInterfaceOrientationLandscapeLeft UIInterfaceOrientationLandscapeRight";
				LD_RUNPATH_SEARCH_PATHS = (
					"$(inherited)",
					"@executable_path/Frameworks",
				);
				MARKETING_VERSION = 1.0;
				PRODUCT_BUNDLE_IDENTIFIER = "me.vision.pro.exp.E-commerce-App";
				PRODUCT_NAME = "$(TARGET_NAME)";
				SWIFT_EMIT_LOC_STRINGS = YES;
				SWIFT_VERSION = 5.0;
				TARGETED_DEVICE_FAMILY = "1,2";
			};
			name = Release;
		};
/* End XCBuildConfiguration section */

/* Begin XCConfigurationList section */
		A1D32E8E2CBAD2F600E73873 /* Build configuration list for PBXProject "E-commerce-App" */ = {
			isa = XCConfigurationList;
			buildConfigurations = (
				A1D32EA52CBAD2F800E73873 /* Debug */,
				A1D32EA62CBAD2F800E73873 /* Release */,
			);
			defaultConfigurationIsVisible = 0;
			defaultConfigurationName = Release;
		};
		A1D32EA72CBAD2F800E73873 /* Build configuration list for PBXNativeTarget "E-commerce-App" */ = {
			isa = XCConfigurationList;
			buildConfigurations = (
				A1D32EA82CBAD2F800E73873 /* Debug */,
				A1D32EA92CBAD2F800E73873 /* Release */,
			);
			defaultConfigurationIsVisible = 0;
			defaultConfigurationName = Release;
		};
/* End XCConfigurationList section */
	};
	rootObject = A1D32E8B2CBAD2F600E73873 /* Project object */;
}
