// !$*UTF8*$!
{
	archiveVersion = 1;
	classes = {
	};
	objectVersion = 56;
	objects = {

/* Begin PBXBuildFile section */
		35EC6DFE83228EEB099D578C /* Pods_E_commerce_App.framework in Frameworks */ = {isa = PBXBuildFile; fileRef = 370E931B89E99DBA283F81E0 /* Pods_E_commerce_App.framework */; };
		A10F868F2CC64925003D025F /* SpecialOfferView.swift in Sources */ = {isa = PBXBuildFile; fileRef = A10F868E2CC64925003D025F /* SpecialOfferView.swift */; };
		A10F86912CC6499D003D025F /* SpecialViewModel.swift in Sources */ = {isa = PBXBuildFile; fileRef = A10F86902CC6499D003D025F /* SpecialViewModel.swift */; };
		A10F86942CC6C97B003D025F /* TrendingView.swift in Sources */ = {isa = PBXBuildFile; fileRef = A10F86932CC6C97B003D025F /* TrendingView.swift */; };
		A10F86962CC6C986003D025F /* TrendingViewModel.swift in Sources */ = {isa = PBXBuildFile; fileRef = A10F86952CC6C986003D025F /* TrendingViewModel.swift */; };
		A10F86992CC77FE0003D025F /* BottomView.swift in Sources */ = {isa = PBXBuildFile; fileRef = A10F86982CC77FDF003D025F /* BottomView.swift */; };
		A10F869B2CC77FEC003D025F /* BottomViewModel.swift in Sources */ = {isa = PBXBuildFile; fileRef = A10F869A2CC77FEC003D025F /* BottomViewModel.swift */; };
		A10F869D2CC81009003D025F /* WishListViewModel.swift in Sources */ = {isa = PBXBuildFile; fileRef = A10F869C2CC81009003D025F /* WishListViewModel.swift */; };
		A10F869F2CC8F448003D025F /* DetailViewController.swift in Sources */ = {isa = PBXBuildFile; fileRef = A10F869E2CC8F448003D025F /* DetailViewController.swift */; };
		A10F86A12CC8F45B003D025F /* DetailViewModel.swift in Sources */ = {isa = PBXBuildFile; fileRef = A10F86A02CC8F45B003D025F /* DetailViewModel.swift */; };
		A10F86A32CCB7491003D025F /* CustomButtonView.swift in Sources */ = {isa = PBXBuildFile; fileRef = A10F86A22CCB7491003D025F /* CustomButtonView.swift */; };
		A10F86A52CCB8EF2003D025F /* SimilarView.swift in Sources */ = {isa = PBXBuildFile; fileRef = A10F86A42CCB8EF2003D025F /* SimilarView.swift */; };
		A10F86A72CD228EE003D025F /* SimilarViewModel.swift in Sources */ = {isa = PBXBuildFile; fileRef = A10F86A62CD228EE003D025F /* SimilarViewModel.swift */; };
		A10F86A92CD4A839003D025F /* SetupViewModel.swift in Sources */ = {isa = PBXBuildFile; fileRef = A10F86A82CD4A839003D025F /* SetupViewModel.swift */; };
		A137F96F2CD53A9300A75DA3 /* CartTableViewCell.swift in Sources */ = {isa = PBXBuildFile; fileRef = A137F96E2CD53A9300A75DA3 /* CartTableViewCell.swift */; };
		A137F9712CD7D63600A75DA3 /* CartViewModel.swift in Sources */ = {isa = PBXBuildFile; fileRef = A137F9702CD7D63600A75DA3 /* CartViewModel.swift */; };
		A137F9732CD8C7A200A75DA3 /* ShoppingBagViewController.swift in Sources */ = {isa = PBXBuildFile; fileRef = A137F9722CD8C7A200A75DA3 /* ShoppingBagViewController.swift */; };
		A137F9752CDBC2F700A75DA3 /* userInfor.json in Resources */ = {isa = PBXBuildFile; fileRef = A137F9742CDBC2F700A75DA3 /* userInfor.json */; };
		A137F9782CDBC32E00A75DA3 /* Category.json in Resources */ = {isa = PBXBuildFile; fileRef = A137F9772CDBC32E00A75DA3 /* Category.json */; };
		A137F97A2CDBC4F700A75DA3 /* newArrival.json in Resources */ = {isa = PBXBuildFile; fileRef = A137F9792CDBC4F700A75DA3 /* newArrival.json */; };
		A137F97C2CDD2D4200A75DA3 /* trendingProduct.json in Resources */ = {isa = PBXBuildFile; fileRef = A137F97B2CDD2D4200A75DA3 /* trendingProduct.json */; };
		A137F97E2CDD2F6500A75DA3 /* detail.json in Resources */ = {isa = PBXBuildFile; fileRef = A137F97D2CDD2F6500A75DA3 /* detail.json */; };
		A137F9842CDDCE3A00A75DA3 /* shoppingList.json in Resources */ = {isa = PBXBuildFile; fileRef = A137F9832CDDCE3A00A75DA3 /* shoppingList.json */; };
		A137F9862CDE733F00A75DA3 /* shoppingBag.json in Resources */ = {isa = PBXBuildFile; fileRef = A137F9852CDE733E00A75DA3 /* shoppingBag.json */; };
		A137F9882CDE748900A75DA3 /* ShopBagViewModel.swift in Sources */ = {isa = PBXBuildFile; fileRef = A137F9872CDE748900A75DA3 /* ShopBagViewModel.swift */; };
		A1D32E972CBAD2F600E73873 /* AppDelegate.swift in Sources */ = {isa = PBXBuildFile; fileRef = A1D32E962CBAD2F600E73873 /* AppDelegate.swift */; };
		A1D32EA02CBAD2F800E73873 /* Assets.xcassets in Resources */ = {isa = PBXBuildFile; fileRef = A1D32E9F2CBAD2F800E73873 /* Assets.xcassets */; };
		A1D32EA32CBAD2F800E73873 /* LaunchScreen.storyboard in Resources */ = {isa = PBXBuildFile; fileRef = A1D32EA12CBAD2F800E73873 /* LaunchScreen.storyboard */; };
		A1D32EAC2CBAD4ED00E73873 /* SignInViewController.swift in Sources */ = {isa = PBXBuildFile; fileRef = A1D32EAB2CBAD4ED00E73873 /* SignInViewController.swift */; };
		A1D32EAE2CBAD67700E73873 /* SignInViewModel.swift in Sources */ = {isa = PBXBuildFile; fileRef = A1D32EAD2CBAD67700E73873 /* SignInViewModel.swift */; };
		A1D32EB12CBAD72B00E73873 /* Withable.swift in Sources */ = {isa = PBXBuildFile; fileRef = A1D32EB02CBAD72B00E73873 /* Withable.swift */; };
		A1D32EB32CBAD74200E73873 /* UIStackView+Ext.swift in Sources */ = {isa = PBXBuildFile; fileRef = A1D32EB22CBAD74200E73873 /* UIStackView+Ext.swift */; };
		A1D32EB52CBAD74E00E73873 /* UIView+Ext.swift in Sources */ = {isa = PBXBuildFile; fileRef = A1D32EB42CBAD74E00E73873 /* UIView+Ext.swift */; };
		A1D32EB72CBAD78C00E73873 /* UIColor+Ext.swift in Sources */ = {isa = PBXBuildFile; fileRef = A1D32EB62CBAD78C00E73873 /* UIColor+Ext.swift */; };
		A1D32EB92CBAD79E00E73873 /* UIButton+Ext.swift in Sources */ = {isa = PBXBuildFile; fileRef = A1D32EB82CBAD79E00E73873 /* UIButton+Ext.swift */; };
		A1D32EBB2CBAD7AE00E73873 /* UIFont+Ext.swift in Sources */ = {isa = PBXBuildFile; fileRef = A1D32EBA2CBAD7AE00E73873 /* UIFont+Ext.swift */; };
		A1D32ECF2CBCCA0800E73873 /* Montserrat-Bold.ttf in Resources */ = {isa = PBXBuildFile; fileRef = A1D32EC32CBCBFC400E73873 /* Montserrat-Bold.ttf */; };
		A1D32ED02CBCCA0800E73873 /* Montserrat-Light.ttf in Resources */ = {isa = PBXBuildFile; fileRef = A1D32ECD2CBCBFC400E73873 /* Montserrat-Light.ttf */; };
		A1D32ED12CBCCA0800E73873 /* Montserrat-Medium.ttf in Resources */ = {isa = PBXBuildFile; fileRef = A1D32EBD2CBCBFC300E73873 /* Montserrat-Medium.ttf */; };
		A1D32ED22CBCCA0800E73873 /* Montserrat-Regular.ttf in Resources */ = {isa = PBXBuildFile; fileRef = A1D32ECA2CBCBFC400E73873 /* Montserrat-Regular.ttf */; };
		A1D32ED32CBCCA8C00E73873 /* Montserrat-SemiBold.ttf in Resources */ = {isa = PBXBuildFile; fileRef = A1D32EC72CBCBFC400E73873 /* Montserrat-SemiBold.ttf */; };
		A1D32ED52CBCDF7E00E73873 /* CreatAccViewController.swift in Sources */ = {isa = PBXBuildFile; fileRef = A1D32ED42CBCDF7E00E73873 /* CreatAccViewController.swift */; };
		A1D32ED72CBCDF8E00E73873 /* FindPasswordViewController.swift in Sources */ = {isa = PBXBuildFile; fileRef = A1D32ED62CBCDF8E00E73873 /* FindPasswordViewController.swift */; };
		A1D32ED92CBCE4EF00E73873 /* GetStartedViewController.swift in Sources */ = {isa = PBXBuildFile; fileRef = A1D32ED82CBCE4EF00E73873 /* GetStartedViewController.swift */; };
		A1D32EDB2CBCE51A00E73873 /* API Target.swift in Sources */ = {isa = PBXBuildFile; fileRef = A1D32EDA2CBCE51A00E73873 /* API Target.swift */; };
		A1D32EDD2CBD0C9F00E73873 /* FindPwViewModel.swift in Sources */ = {isa = PBXBuildFile; fileRef = A1D32EDC2CBD0C9F00E73873 /* FindPwViewModel.swift */; };
		A1D32EDF2CBD6BA100E73873 /* mock.swift in Sources */ = {isa = PBXBuildFile; fileRef = A1D32EDE2CBD6BA100E73873 /* mock.swift */; };
		A1D32EE12CBD6FAE00E73873 /* CreatAccViewModel.swift in Sources */ = {isa = PBXBuildFile; fileRef = A1D32EE02CBD6FAE00E73873 /* CreatAccViewModel.swift */; };
		A1D32EE82CBF835C00E73873 /* HomeViewController.swift in Sources */ = {isa = PBXBuildFile; fileRef = A1D32EE72CBF835C00E73873 /* HomeViewController.swift */; };
		A1D32EEA2CBF837400E73873 /* WishlistViewController.swift in Sources */ = {isa = PBXBuildFile; fileRef = A1D32EE92CBF837400E73873 /* WishlistViewController.swift */; };
		A1D32EEC2CBF839000E73873 /* SearchViewController.swift in Sources */ = {isa = PBXBuildFile; fileRef = A1D32EEB2CBF839000E73873 /* SearchViewController.swift */; };
		A1D32EEE2CBF839D00E73873 /* SetupViewController.swift in Sources */ = {isa = PBXBuildFile; fileRef = A1D32EED2CBF839D00E73873 /* SetupViewController.swift */; };
		A1D32EF42CBF8F5300E73873 /* TabBarController.swift in Sources */ = {isa = PBXBuildFile; fileRef = A1D32EF32CBF8F5300E73873 /* TabBarController.swift */; };
		A1D32EF62CBF974700E73873 /* CartViewController.swift in Sources */ = {isa = PBXBuildFile; fileRef = A1D32EF52CBF974700E73873 /* CartViewController.swift */; };
		A1D32EFA2CC0D7AE00E73873 /* HomeViewModel.swift in Sources */ = {isa = PBXBuildFile; fileRef = A1D32EF92CC0D7AE00E73873 /* HomeViewModel.swift */; };
		A1D32EFC2CC0D7FE00E73873 /* APITargetHomeVC.swift in Sources */ = {isa = PBXBuildFile; fileRef = A1D32EFB2CC0D7FE00E73873 /* APITargetHomeVC.swift */; };
		A1D32EFE2CC0DBB200E73873 /* mockApi.swift in Sources */ = {isa = PBXBuildFile; fileRef = A1D32EFD2CC0DBB200E73873 /* mockApi.swift */; };
		A1D32F002CC0EA5700E73873 /* UIImageView+Ext.swift in Sources */ = {isa = PBXBuildFile; fileRef = A1D32EFF2CC0EA5700E73873 /* UIImageView+Ext.swift */; };
		A1D32F062CC1094C00E73873 /* SearchResultViewController.swift in Sources */ = {isa = PBXBuildFile; fileRef = A1D32F052CC1094C00E73873 /* SearchResultViewController.swift */; };
		A1D32F082CC17F3B00E73873 /* NavigationBar.swift in Sources */ = {isa = PBXBuildFile; fileRef = A1D32F072CC17F3B00E73873 /* NavigationBar.swift */; };
		A1D32F0A2CC231BF00E73873 /* UISearchBar+Ext.swift in Sources */ = {isa = PBXBuildFile; fileRef = A1D32F092CC231BF00E73873 /* UISearchBar+Ext.swift */; };
		A1D32F0C2CC23C4F00E73873 /* AllFeatureView.swift in Sources */ = {isa = PBXBuildFile; fileRef = A1D32F0B2CC23C4F00E73873 /* AllFeatureView.swift */; };
		A1D32F0E2CC24A2500E73873 /* ItemCollectionViewCell.swift in Sources */ = {isa = PBXBuildFile; fileRef = A1D32F0D2CC24A2500E73873 /* ItemCollectionViewCell.swift */; };
		A1D32F112CC2BF4D00E73873 /* SaleOffCollectionViewCell.swift in Sources */ = {isa = PBXBuildFile; fileRef = A1D32F102CC2BF4D00E73873 /* SaleOffCollectionViewCell.swift */; };
		A1D32F152CC2C14700E73873 /* AllFeatureViewModel.swift in Sources */ = {isa = PBXBuildFile; fileRef = A1D32F142CC2C14700E73873 /* AllFeatureViewModel.swift */; };
		A1D32F182CC4323300E73873 /* DealOfTheDayView.swift in Sources */ = {isa = PBXBuildFile; fileRef = A1D32F172CC4323300E73873 /* DealOfTheDayView.swift */; };
		A1D32F1A2CC4328900E73873 /* DealViewModel.swift in Sources */ = {isa = PBXBuildFile; fileRef = A1D32F192CC4328900E73873 /* DealViewModel.swift */; };
		A1D32F1C2CC565FA00E73873 /* ProductCell.swift in Sources */ = {isa = PBXBuildFile; fileRef = A1D32F1B2CC565FA00E73873 /* ProductCell.swift */; };
		A1D32F1E2CC56BA200E73873 /* String Ext.swift in Sources */ = {isa = PBXBuildFile; fileRef = A1D32F1D2CC56BA200E73873 /* String Ext.swift */; };
/* End PBXBuildFile section */

/* Begin PBXFileReference section */
		370E931B89E99DBA283F81E0 /* Pods_E_commerce_App.framework */ = {isa = PBXFileReference; explicitFileType = wrapper.framework; includeInIndex = 0; path = Pods_E_commerce_App.framework; sourceTree = BUILT_PRODUCTS_DIR; };
		66A4EBD5A057B2A0E0D33694 /* Pods-E-commerce-App.release.xcconfig */ = {isa = PBXFileReference; includeInIndex = 1; lastKnownFileType = text.xcconfig; name = "Pods-E-commerce-App.release.xcconfig"; path = "Target Support Files/Pods-E-commerce-App/Pods-E-commerce-App.release.xcconfig"; sourceTree = "<group>"; };
		A10F868E2CC64925003D025F /* SpecialOfferView.swift */ = {isa = PBXFileReference; lastKnownFileType = sourcecode.swift; path = SpecialOfferView.swift; sourceTree = "<group>"; };
		A10F86902CC6499D003D025F /* SpecialViewModel.swift */ = {isa = PBXFileReference; lastKnownFileType = sourcecode.swift; path = SpecialViewModel.swift; sourceTree = "<group>"; };
		A10F86932CC6C97B003D025F /* TrendingView.swift */ = {isa = PBXFileReference; lastKnownFileType = sourcecode.swift; path = TrendingView.swift; sourceTree = "<group>"; };
		A10F86952CC6C986003D025F /* TrendingViewModel.swift */ = {isa = PBXFileReference; lastKnownFileType = sourcecode.swift; path = TrendingViewModel.swift; sourceTree = "<group>"; };
		A10F86982CC77FDF003D025F /* BottomView.swift */ = {isa = PBXFileReference; lastKnownFileType = sourcecode.swift; path = BottomView.swift; sourceTree = "<group>"; };
		A10F869A2CC77FEC003D025F /* BottomViewModel.swift */ = {isa = PBXFileReference; lastKnownFileType = sourcecode.swift; path = BottomViewModel.swift; sourceTree = "<group>"; };
		A10F869C2CC81009003D025F /* WishListViewModel.swift */ = {isa = PBXFileReference; lastKnownFileType = sourcecode.swift; path = WishListViewModel.swift; sourceTree = "<group>"; };
		A10F869E2CC8F448003D025F /* DetailViewController.swift */ = {isa = PBXFileReference; lastKnownFileType = sourcecode.swift; path = DetailViewController.swift; sourceTree = "<group>"; };
		A10F86A02CC8F45B003D025F /* DetailViewModel.swift */ = {isa = PBXFileReference; lastKnownFileType = sourcecode.swift; path = DetailViewModel.swift; sourceTree = "<group>"; };
		A10F86A22CCB7491003D025F /* CustomButtonView.swift */ = {isa = PBXFileReference; lastKnownFileType = sourcecode.swift; path = CustomButtonView.swift; sourceTree = "<group>"; };
		A10F86A42CCB8EF2003D025F /* SimilarView.swift */ = {isa = PBXFileReference; lastKnownFileType = sourcecode.swift; path = SimilarView.swift; sourceTree = "<group>"; };
		A10F86A62CD228EE003D025F /* SimilarViewModel.swift */ = {isa = PBXFileReference; lastKnownFileType = sourcecode.swift; path = SimilarViewModel.swift; sourceTree = "<group>"; };
		A10F86A82CD4A839003D025F /* SetupViewModel.swift */ = {isa = PBXFileReference; lastKnownFileType = sourcecode.swift; path = SetupViewModel.swift; sourceTree = "<group>"; };
		A137F96E2CD53A9300A75DA3 /* CartTableViewCell.swift */ = {isa = PBXFileReference; lastKnownFileType = sourcecode.swift; path = CartTableViewCell.swift; sourceTree = "<group>"; };
		A137F9702CD7D63600A75DA3 /* CartViewModel.swift */ = {isa = PBXFileReference; lastKnownFileType = sourcecode.swift; path = CartViewModel.swift; sourceTree = "<group>"; };
		A137F9722CD8C7A200A75DA3 /* ShoppingBagViewController.swift */ = {isa = PBXFileReference; lastKnownFileType = sourcecode.swift; path = ShoppingBagViewController.swift; sourceTree = "<group>"; };
		A137F9742CDBC2F700A75DA3 /* userInfor.json */ = {isa = PBXFileReference; lastKnownFileType = text.json; path = userInfor.json; sourceTree = "<group>"; };
		A137F9772CDBC32E00A75DA3 /* Category.json */ = {isa = PBXFileReference; lastKnownFileType = text.json; path = Category.json; sourceTree = "<group>"; };
		A137F9792CDBC4F700A75DA3 /* newArrival.json */ = {isa = PBXFileReference; lastKnownFileType = text.json; path = newArrival.json; sourceTree = "<group>"; };
		A137F97B2CDD2D4200A75DA3 /* trendingProduct.json */ = {isa = PBXFileReference; lastKnownFileType = text.json; path = trendingProduct.json; sourceTree = "<group>"; };
		A137F97D2CDD2F6500A75DA3 /* detail.json */ = {isa = PBXFileReference; lastKnownFileType = text.json; path = detail.json; sourceTree = "<group>"; };
		A137F9832CDDCE3A00A75DA3 /* shoppingList.json */ = {isa = PBXFileReference; lastKnownFileType = text.json; path = shoppingList.json; sourceTree = "<group>"; };
		A137F9852CDE733E00A75DA3 /* shoppingBag.json */ = {isa = PBXFileReference; lastKnownFileType = text.json; path = shoppingBag.json; sourceTree = "<group>"; };
		A137F9872CDE748900A75DA3 /* ShopBagViewModel.swift */ = {isa = PBXFileReference; lastKnownFileType = sourcecode.swift; path = ShopBagViewModel.swift; sourceTree = "<group>"; };
		A1D32E932CBAD2F600E73873 /* E-commerce-App.app */ = {isa = PBXFileReference; explicitFileType = wrapper.application; includeInIndex = 0; path = "E-commerce-App.app"; sourceTree = BUILT_PRODUCTS_DIR; };
		A1D32E962CBAD2F600E73873 /* AppDelegate.swift */ = {isa = PBXFileReference; lastKnownFileType = sourcecode.swift; path = AppDelegate.swift; sourceTree = "<group>"; };
		A1D32E9F2CBAD2F800E73873 /* Assets.xcassets */ = {isa = PBXFileReference; lastKnownFileType = folder.assetcatalog; path = Assets.xcassets; sourceTree = "<group>"; };
		A1D32EA22CBAD2F800E73873 /* Base */ = {isa = PBXFileReference; lastKnownFileType = file.storyboard; name = Base; path = Base.lproj/LaunchScreen.storyboard; sourceTree = "<group>"; };
		A1D32EA42CBAD2F800E73873 /* Info.plist */ = {isa = PBXFileReference; lastKnownFileType = text.plist.xml; path = Info.plist; sourceTree = "<group>"; };
		A1D32EAB2CBAD4ED00E73873 /* SignInViewController.swift */ = {isa = PBXFileReference; lastKnownFileType = sourcecode.swift; path = SignInViewController.swift; sourceTree = "<group>"; };
		A1D32EAD2CBAD67700E73873 /* SignInViewModel.swift */ = {isa = PBXFileReference; lastKnownFileType = sourcecode.swift; path = SignInViewModel.swift; sourceTree = "<group>"; };
		A1D32EB02CBAD72B00E73873 /* Withable.swift */ = {isa = PBXFileReference; lastKnownFileType = sourcecode.swift; path = Withable.swift; sourceTree = "<group>"; };
		A1D32EB22CBAD74200E73873 /* UIStackView+Ext.swift */ = {isa = PBXFileReference; lastKnownFileType = sourcecode.swift; path = "UIStackView+Ext.swift"; sourceTree = "<group>"; };
		A1D32EB42CBAD74E00E73873 /* UIView+Ext.swift */ = {isa = PBXFileReference; lastKnownFileType = sourcecode.swift; path = "UIView+Ext.swift"; sourceTree = "<group>"; };
		A1D32EB62CBAD78C00E73873 /* UIColor+Ext.swift */ = {isa = PBXFileReference; lastKnownFileType = sourcecode.swift; path = "UIColor+Ext.swift"; sourceTree = "<group>"; };
		A1D32EB82CBAD79E00E73873 /* UIButton+Ext.swift */ = {isa = PBXFileReference; lastKnownFileType = sourcecode.swift; path = "UIButton+Ext.swift"; sourceTree = "<group>"; };
		A1D32EBA2CBAD7AE00E73873 /* UIFont+Ext.swift */ = {isa = PBXFileReference; lastKnownFileType = sourcecode.swift; path = "UIFont+Ext.swift"; sourceTree = "<group>"; };
		A1D32EBD2CBCBFC300E73873 /* Montserrat-Medium.ttf */ = {isa = PBXFileReference; lastKnownFileType = file; path = "Montserrat-Medium.ttf"; sourceTree = "<group>"; };
		A1D32EBE2CBCBFC300E73873 /* Montserrat-SemiBoldItalic.ttf */ = {isa = PBXFileReference; lastKnownFileType = file; path = "Montserrat-SemiBoldItalic.ttf"; sourceTree = "<group>"; };
		A1D32EBF2CBCBFC300E73873 /* Montserrat-Italic.ttf */ = {isa = PBXFileReference; lastKnownFileType = file; path = "Montserrat-Italic.ttf"; sourceTree = "<group>"; };
		A1D32EC02CBCBFC300E73873 /* Montserrat-ThinItalic.ttf */ = {isa = PBXFileReference; lastKnownFileType = file; path = "Montserrat-ThinItalic.ttf"; sourceTree = "<group>"; };
		A1D32EC12CBCBFC400E73873 /* Montserrat-ExtraLightItalic.ttf */ = {isa = PBXFileReference; lastKnownFileType = file; path = "Montserrat-ExtraLightItalic.ttf"; sourceTree = "<group>"; };
		A1D32EC22CBCBFC400E73873 /* Montserrat-LightItalic.ttf */ = {isa = PBXFileReference; lastKnownFileType = file; path = "Montserrat-LightItalic.ttf"; sourceTree = "<group>"; };
		A1D32EC32CBCBFC400E73873 /* Montserrat-Bold.ttf */ = {isa = PBXFileReference; lastKnownFileType = file; path = "Montserrat-Bold.ttf"; sourceTree = "<group>"; };
		A1D32EC42CBCBFC400E73873 /* Montserrat-ExtraBoldItalic.ttf */ = {isa = PBXFileReference; lastKnownFileType = file; path = "Montserrat-ExtraBoldItalic.ttf"; sourceTree = "<group>"; };
		A1D32EC52CBCBFC400E73873 /* Montserrat-MediumItalic.ttf */ = {isa = PBXFileReference; lastKnownFileType = file; path = "Montserrat-MediumItalic.ttf"; sourceTree = "<group>"; };
		A1D32EC62CBCBFC400E73873 /* Montserrat-ExtraBold.ttf */ = {isa = PBXFileReference; lastKnownFileType = file; path = "Montserrat-ExtraBold.ttf"; sourceTree = "<group>"; };
		A1D32EC72CBCBFC400E73873 /* Montserrat-SemiBold.ttf */ = {isa = PBXFileReference; lastKnownFileType = file; path = "Montserrat-SemiBold.ttf"; sourceTree = "<group>"; };
		A1D32EC82CBCBFC400E73873 /* Montserrat-Black.ttf */ = {isa = PBXFileReference; lastKnownFileType = file; path = "Montserrat-Black.ttf"; sourceTree = "<group>"; };
		A1D32EC92CBCBFC400E73873 /* Montserrat-ExtraLight.ttf */ = {isa = PBXFileReference; lastKnownFileType = file; path = "Montserrat-ExtraLight.ttf"; sourceTree = "<group>"; };
		A1D32ECA2CBCBFC400E73873 /* Montserrat-Regular.ttf */ = {isa = PBXFileReference; lastKnownFileType = file; path = "Montserrat-Regular.ttf"; sourceTree = "<group>"; };
		A1D32ECB2CBCBFC400E73873 /* Montserrat-BlackItalic.ttf */ = {isa = PBXFileReference; lastKnownFileType = file; path = "Montserrat-BlackItalic.ttf"; sourceTree = "<group>"; };
		A1D32ECC2CBCBFC400E73873 /* Montserrat-BoldItalic.ttf */ = {isa = PBXFileReference; lastKnownFileType = file; path = "Montserrat-BoldItalic.ttf"; sourceTree = "<group>"; };
		A1D32ECD2CBCBFC400E73873 /* Montserrat-Light.ttf */ = {isa = PBXFileReference; lastKnownFileType = file; path = "Montserrat-Light.ttf"; sourceTree = "<group>"; };
		A1D32ECE2CBCBFC400E73873 /* Montserrat-Thin.ttf */ = {isa = PBXFileReference; lastKnownFileType = file; path = "Montserrat-Thin.ttf"; sourceTree = "<group>"; };
		A1D32ED42CBCDF7E00E73873 /* CreatAccViewController.swift */ = {isa = PBXFileReference; lastKnownFileType = sourcecode.swift; path = CreatAccViewController.swift; sourceTree = "<group>"; };
		A1D32ED62CBCDF8E00E73873 /* FindPasswordViewController.swift */ = {isa = PBXFileReference; lastKnownFileType = sourcecode.swift; path = FindPasswordViewController.swift; sourceTree = "<group>"; };
		A1D32ED82CBCE4EF00E73873 /* GetStartedViewController.swift */ = {isa = PBXFileReference; lastKnownFileType = sourcecode.swift; path = GetStartedViewController.swift; sourceTree = "<group>"; };
		A1D32EDA2CBCE51A00E73873 /* API Target.swift */ = {isa = PBXFileReference; lastKnownFileType = sourcecode.swift; path = "API Target.swift"; sourceTree = "<group>"; };
		A1D32EDC2CBD0C9F00E73873 /* FindPwViewModel.swift */ = {isa = PBXFileReference; lastKnownFileType = sourcecode.swift; path = FindPwViewModel.swift; sourceTree = "<group>"; };
		A1D32EDE2CBD6BA100E73873 /* mock.swift */ = {isa = PBXFileReference; lastKnownFileType = sourcecode.swift; path = mock.swift; sourceTree = "<group>"; };
		A1D32EE02CBD6FAE00E73873 /* CreatAccViewModel.swift */ = {isa = PBXFileReference; lastKnownFileType = sourcecode.swift; path = CreatAccViewModel.swift; sourceTree = "<group>"; };
		A1D32EE72CBF835C00E73873 /* HomeViewController.swift */ = {isa = PBXFileReference; lastKnownFileType = sourcecode.swift; path = HomeViewController.swift; sourceTree = "<group>"; };
		A1D32EE92CBF837400E73873 /* WishlistViewController.swift */ = {isa = PBXFileReference; lastKnownFileType = sourcecode.swift; path = WishlistViewController.swift; sourceTree = "<group>"; };
		A1D32EEB2CBF839000E73873 /* SearchViewController.swift */ = {isa = PBXFileReference; lastKnownFileType = sourcecode.swift; path = SearchViewController.swift; sourceTree = "<group>"; };
		A1D32EED2CBF839D00E73873 /* SetupViewController.swift */ = {isa = PBXFileReference; lastKnownFileType = sourcecode.swift; path = SetupViewController.swift; sourceTree = "<group>"; };
		A1D32EF32CBF8F5300E73873 /* TabBarController.swift */ = {isa = PBXFileReference; lastKnownFileType = sourcecode.swift; path = TabBarController.swift; sourceTree = "<group>"; };
		A1D32EF52CBF974700E73873 /* CartViewController.swift */ = {isa = PBXFileReference; lastKnownFileType = sourcecode.swift; path = CartViewController.swift; sourceTree = "<group>"; };
		A1D32EF92CC0D7AE00E73873 /* HomeViewModel.swift */ = {isa = PBXFileReference; lastKnownFileType = sourcecode.swift; path = HomeViewModel.swift; sourceTree = "<group>"; };
		A1D32EFB2CC0D7FE00E73873 /* APITargetHomeVC.swift */ = {isa = PBXFileReference; lastKnownFileType = sourcecode.swift; path = APITargetHomeVC.swift; sourceTree = "<group>"; };
		A1D32EFD2CC0DBB200E73873 /* mockApi.swift */ = {isa = PBXFileReference; lastKnownFileType = sourcecode.swift; path = mockApi.swift; sourceTree = "<group>"; };
		A1D32EFF2CC0EA5700E73873 /* UIImageView+Ext.swift */ = {isa = PBXFileReference; lastKnownFileType = sourcecode.swift; path = "UIImageView+Ext.swift"; sourceTree = "<group>"; };
		A1D32F052CC1094C00E73873 /* SearchResultViewController.swift */ = {isa = PBXFileReference; lastKnownFileType = sourcecode.swift; path = SearchResultViewController.swift; sourceTree = "<group>"; };
		A1D32F072CC17F3B00E73873 /* NavigationBar.swift */ = {isa = PBXFileReference; lastKnownFileType = sourcecode.swift; path = NavigationBar.swift; sourceTree = "<group>"; };
		A1D32F092CC231BF00E73873 /* UISearchBar+Ext.swift */ = {isa = PBXFileReference; lastKnownFileType = sourcecode.swift; path = "UISearchBar+Ext.swift"; sourceTree = "<group>"; };
		A1D32F0B2CC23C4F00E73873 /* AllFeatureView.swift */ = {isa = PBXFileReference; lastKnownFileType = sourcecode.swift; path = AllFeatureView.swift; sourceTree = "<group>"; };
		A1D32F0D2CC24A2500E73873 /* ItemCollectionViewCell.swift */ = {isa = PBXFileReference; lastKnownFileType = sourcecode.swift; path = ItemCollectionViewCell.swift; sourceTree = "<group>"; };
		A1D32F102CC2BF4D00E73873 /* SaleOffCollectionViewCell.swift */ = {isa = PBXFileReference; lastKnownFileType = sourcecode.swift; path = SaleOffCollectionViewCell.swift; sourceTree = "<group>"; };
		A1D32F142CC2C14700E73873 /* AllFeatureViewModel.swift */ = {isa = PBXFileReference; lastKnownFileType = sourcecode.swift; path = AllFeatureViewModel.swift; sourceTree = "<group>"; };
		A1D32F172CC4323300E73873 /* DealOfTheDayView.swift */ = {isa = PBXFileReference; lastKnownFileType = sourcecode.swift; path = DealOfTheDayView.swift; sourceTree = "<group>"; };
		A1D32F192CC4328900E73873 /* DealViewModel.swift */ = {isa = PBXFileReference; lastKnownFileType = sourcecode.swift; path = DealViewModel.swift; sourceTree = "<group>"; };
		A1D32F1B2CC565FA00E73873 /* ProductCell.swift */ = {isa = PBXFileReference; lastKnownFileType = sourcecode.swift; path = ProductCell.swift; sourceTree = "<group>"; };
		A1D32F1D2CC56BA200E73873 /* String Ext.swift */ = {isa = PBXFileReference; lastKnownFileType = sourcecode.swift; path = "String Ext.swift"; sourceTree = "<group>"; };
		A9B881BFF69DF9B4AD509198 /* Pods-E-commerce-App.debug.xcconfig */ = {isa = PBXFileReference; includeInIndex = 1; lastKnownFileType = text.xcconfig; name = "Pods-E-commerce-App.debug.xcconfig"; path = "Target Support Files/Pods-E-commerce-App/Pods-E-commerce-App.debug.xcconfig"; sourceTree = "<group>"; };
/* End PBXFileReference section */

/* Begin PBXFrameworksBuildPhase section */
		A1D32E902CBAD2F600E73873 /* Frameworks */ = {
			isa = PBXFrameworksBuildPhase;
			buildActionMask = 2147483647;
			files = (
				35EC6DFE83228EEB099D578C /* Pods_E_commerce_App.framework in Frameworks */,
			);
			runOnlyForDeploymentPostprocessing = 0;
		};
/* End PBXFrameworksBuildPhase section */

/* Begin PBXGroup section */
		042AFF4DF9EFCEA2D5F41F17 /* Frameworks */ = {
			isa = PBXGroup;
			children = (
				370E931B89E99DBA283F81E0 /* Pods_E_commerce_App.framework */,
			);
			name = Frameworks;
			sourceTree = "<group>";
		};
		7C5A5E09DD6DBFFCCD87C7E5 /* Pods */ = {
			isa = PBXGroup;
			children = (
				A9B881BFF69DF9B4AD509198 /* Pods-E-commerce-App.debug.xcconfig */,
				66A4EBD5A057B2A0E0D33694 /* Pods-E-commerce-App.release.xcconfig */,
			);
			path = Pods;
			sourceTree = "<group>";
		};
		A10F868D2CC648FC003D025F /* Speacial Offer */ = {
			isa = PBXGroup;
			children = (
				A10F868E2CC64925003D025F /* SpecialOfferView.swift */,
				A10F86902CC6499D003D025F /* SpecialViewModel.swift */,
			);
			path = "Speacial Offer";
			sourceTree = "<group>";
		};
		A10F86922CC6C94E003D025F /* Trending Products */ = {
			isa = PBXGroup;
			children = (
				A10F86932CC6C97B003D025F /* TrendingView.swift */,
				A10F86952CC6C986003D025F /* TrendingViewModel.swift */,
			);
			path = "Trending Products";
			sourceTree = "<group>";
		};
		A10F86972CC77FC6003D025F /* BottomView */ = {
			isa = PBXGroup;
			children = (
				A10F86982CC77FDF003D025F /* BottomView.swift */,
				A10F869A2CC77FEC003D025F /* BottomViewModel.swift */,
			);
			path = BottomView;
			sourceTree = "<group>";
		};
		A137F9762CDBC31000A75DA3 /* Mock */ = {
			isa = PBXGroup;
			children = (
				A137F9742CDBC2F700A75DA3 /* userInfor.json */,
				A137F9772CDBC32E00A75DA3 /* Category.json */,
				A137F9792CDBC4F700A75DA3 /* newArrival.json */,
				A137F97B2CDD2D4200A75DA3 /* trendingProduct.json */,
				A137F97D2CDD2F6500A75DA3 /* detail.json */,
				A137F9832CDDCE3A00A75DA3 /* shoppingList.json */,
				A137F9852CDE733E00A75DA3 /* shoppingBag.json */,
			);
			path = Mock;
			sourceTree = "<group>";
		};
		A1D32E8A2CBAD2F600E73873 = {
			isa = PBXGroup;
			children = (
				A1D32E952CBAD2F600E73873 /* E-commerce-App */,
				A1D32EAF2CBAD71600E73873 /* Helps */,
				A1D32EBC2CBCBF7A00E73873 /* Font */,
				A1D32E942CBAD2F600E73873 /* Products */,
				7C5A5E09DD6DBFFCCD87C7E5 /* Pods */,
				042AFF4DF9EFCEA2D5F41F17 /* Frameworks */,
			);
			sourceTree = "<group>";
		};
		A1D32E942CBAD2F600E73873 /* Products */ = {
			isa = PBXGroup;
			children = (
				A1D32E932CBAD2F600E73873 /* E-commerce-App.app */,
			);
			name = Products;
			sourceTree = "<group>";
		};
		A1D32E952CBAD2F600E73873 /* E-commerce-App */ = {
			isa = PBXGroup;
			children = (
				A137F9762CDBC31000A75DA3 /* Mock */,
				A1D32E962CBAD2F600E73873 /* AppDelegate.swift */,
				A1D32EE22CBE13C200E73873 /* TabBarController */,
				A1D32EAA2CBAD49C00E73873 /* Login */,
				A1D32EE52CBF823F00E73873 /* Home */,
				A1D32EE62CBF825900E73873 /* Wishlist */,
				A1D32E9F2CBAD2F800E73873 /* Assets.xcassets */,
				A1D32EA12CBAD2F800E73873 /* LaunchScreen.storyboard */,
				A1D32EA42CBAD2F800E73873 /* Info.plist */,
			);
			path = "E-commerce-App";
			sourceTree = "<group>";
		};
		A1D32EAA2CBAD49C00E73873 /* Login */ = {
			isa = PBXGroup;
			children = (
				A1D32EAB2CBAD4ED00E73873 /* SignInViewController.swift */,
				A1D32EAD2CBAD67700E73873 /* SignInViewModel.swift */,
				A1D32ED42CBCDF7E00E73873 /* CreatAccViewController.swift */,
				A1D32EE02CBD6FAE00E73873 /* CreatAccViewModel.swift */,
				A1D32ED62CBCDF8E00E73873 /* FindPasswordViewController.swift */,
				A1D32EDC2CBD0C9F00E73873 /* FindPwViewModel.swift */,
				A1D32ED82CBCE4EF00E73873 /* GetStartedViewController.swift */,
				A1D32EDA2CBCE51A00E73873 /* API Target.swift */,
				A1D32EDE2CBD6BA100E73873 /* mock.swift */,
			);
			path = Login;
			sourceTree = "<group>";
		};
		A1D32EAF2CBAD71600E73873 /* Helps */ = {
			isa = PBXGroup;
			children = (
				A1D32EB02CBAD72B00E73873 /* Withable.swift */,
				A1D32EB22CBAD74200E73873 /* UIStackView+Ext.swift */,
				A1D32EB42CBAD74E00E73873 /* UIView+Ext.swift */,
				A1D32EB62CBAD78C00E73873 /* UIColor+Ext.swift */,
				A1D32EB82CBAD79E00E73873 /* UIButton+Ext.swift */,
				A1D32EBA2CBAD7AE00E73873 /* UIFont+Ext.swift */,
				A1D32EFF2CC0EA5700E73873 /* UIImageView+Ext.swift */,
				A1D32F072CC17F3B00E73873 /* NavigationBar.swift */,
				A1D32F092CC231BF00E73873 /* UISearchBar+Ext.swift */,
				A1D32F1D2CC56BA200E73873 /* String Ext.swift */,
			);
			path = Helps;
			sourceTree = "<group>";
		};
		A1D32EBC2CBCBF7A00E73873 /* Font */ = {
			isa = PBXGroup;
			children = (
				A1D32EC82CBCBFC400E73873 /* Montserrat-Black.ttf */,
				A1D32ECB2CBCBFC400E73873 /* Montserrat-BlackItalic.ttf */,
				A1D32EC32CBCBFC400E73873 /* Montserrat-Bold.ttf */,
				A1D32ECC2CBCBFC400E73873 /* Montserrat-BoldItalic.ttf */,
				A1D32EC62CBCBFC400E73873 /* Montserrat-ExtraBold.ttf */,
				A1D32EC42CBCBFC400E73873 /* Montserrat-ExtraBoldItalic.ttf */,
				A1D32EC92CBCBFC400E73873 /* Montserrat-ExtraLight.ttf */,
				A1D32EC12CBCBFC400E73873 /* Montserrat-ExtraLightItalic.ttf */,
				A1D32EBF2CBCBFC300E73873 /* Montserrat-Italic.ttf */,
				A1D32ECD2CBCBFC400E73873 /* Montserrat-Light.ttf */,
				A1D32EC22CBCBFC400E73873 /* Montserrat-LightItalic.ttf */,
				A1D32EBD2CBCBFC300E73873 /* Montserrat-Medium.ttf */,
				A1D32EC52CBCBFC400E73873 /* Montserrat-MediumItalic.ttf */,
				A1D32ECA2CBCBFC400E73873 /* Montserrat-Regular.ttf */,
				A1D32EC72CBCBFC400E73873 /* Montserrat-SemiBold.ttf */,
				A1D32EBE2CBCBFC300E73873 /* Montserrat-SemiBoldItalic.ttf */,
				A1D32ECE2CBCBFC400E73873 /* Montserrat-Thin.ttf */,
				A1D32EC02CBCBFC300E73873 /* Montserrat-ThinItalic.ttf */,
			);
			path = Font;
			sourceTree = "<group>";
		};
		A1D32EE22CBE13C200E73873 /* TabBarController */ = {
			isa = PBXGroup;
			children = (
				A1D32EF32CBF8F5300E73873 /* TabBarController.swift */,
			);
			path = TabBarController;
			sourceTree = "<group>";
		};
		A1D32EE52CBF823F00E73873 /* Home */ = {
			isa = PBXGroup;
			children = (
				A1D32EE72CBF835C00E73873 /* HomeViewController.swift */,
				A1D32EF92CC0D7AE00E73873 /* HomeViewModel.swift */,
				A1D32F052CC1094C00E73873 /* SearchResultViewController.swift */,
				A1D32F0F2CC2BCC100E73873 /* AllFeatureView */,
				A1D32F162CC431FC00E73873 /* DealOfTheDay */,
				A10F868D2CC648FC003D025F /* Speacial Offer */,
				A10F86922CC6C94E003D025F /* Trending Products */,
				A10F86972CC77FC6003D025F /* BottomView */,
				A1D32EFB2CC0D7FE00E73873 /* APITargetHomeVC.swift */,
				A1D32EFD2CC0DBB200E73873 /* mockApi.swift */,
			);
			path = Home;
			sourceTree = "<group>";
		};
		A1D32EE62CBF825900E73873 /* Wishlist */ = {
			isa = PBXGroup;
			children = (
				A1D32EE92CBF837400E73873 /* WishlistViewController.swift */,
				A10F869C2CC81009003D025F /* WishListViewModel.swift */,
				A10F869E2CC8F448003D025F /* DetailViewController.swift */,
				A10F86A02CC8F45B003D025F /* DetailViewModel.swift */,
				A10F86A42CCB8EF2003D025F /* SimilarView.swift */,
				A10F86A62CD228EE003D025F /* SimilarViewModel.swift */,
				A10F86A22CCB7491003D025F /* CustomButtonView.swift */,
				A1D32EF52CBF974700E73873 /* CartViewController.swift */,
				A137F9702CD7D63600A75DA3 /* CartViewModel.swift */,
				A137F96E2CD53A9300A75DA3 /* CartTableViewCell.swift */,
				A137F9722CD8C7A200A75DA3 /* ShoppingBagViewController.swift */,
				A137F9872CDE748900A75DA3 /* ShopBagViewModel.swift */,
				A1D32EED2CBF839D00E73873 /* SetupViewController.swift */,
				A10F86A82CD4A839003D025F /* SetupViewModel.swift */,
				A1D32EEB2CBF839000E73873 /* SearchViewController.swift */,
			);
			path = Wishlist;
			sourceTree = "<group>";
		};
		A1D32F0F2CC2BCC100E73873 /* AllFeatureView */ = {
			isa = PBXGroup;
			children = (
				A1D32F0B2CC23C4F00E73873 /* AllFeatureView.swift */,
				A1D32F142CC2C14700E73873 /* AllFeatureViewModel.swift */,
				A1D32F0D2CC24A2500E73873 /* ItemCollectionViewCell.swift */,
				A1D32F102CC2BF4D00E73873 /* SaleOffCollectionViewCell.swift */,
			);
			path = AllFeatureView;
			sourceTree = "<group>";
		};
		A1D32F162CC431FC00E73873 /* DealOfTheDay */ = {
			isa = PBXGroup;
			children = (
				A1D32F172CC4323300E73873 /* DealOfTheDayView.swift */,
				A1D32F192CC4328900E73873 /* DealViewModel.swift */,
				A1D32F1B2CC565FA00E73873 /* ProductCell.swift */,
			);
			name = DealOfTheDay;
			path = "DealÒTheDay";
			sourceTree = "<group>";
		};
/* End PBXGroup section */

/* Begin PBXNativeTarget section */
		A1D32E922CBAD2F600E73873 /* E-commerce-App */ = {
			isa = PBXNativeTarget;
			buildConfigurationList = A1D32EA72CBAD2F800E73873 /* Build configuration list for PBXNativeTarget "E-commerce-App" */;
			buildPhases = (
				2505412136EA85C6886A36ED /* [CP] Check Pods Manifest.lock */,
				A1D32E8F2CBAD2F600E73873 /* Sources */,
				A1D32E902CBAD2F600E73873 /* Frameworks */,
				A1D32E912CBAD2F600E73873 /* Resources */,
				817F6AE57B0D259401B5AEFE /* [CP] Embed Pods Frameworks */,
			);
			buildRules = (
			);
			dependencies = (
			);
			name = "E-commerce-App";
			productName = "E-commerce-App";
			productReference = A1D32E932CBAD2F600E73873 /* E-commerce-App.app */;
			productType = "com.apple.product-type.application";
		};
/* End PBXNativeTarget section */

/* Begin PBXProject section */
		A1D32E8B2CBAD2F600E73873 /* Project object */ = {
			isa = PBXProject;
			attributes = {
				BuildIndependentTargetsInParallel = 1;
				LastSwiftUpdateCheck = 1520;
				LastUpgradeCheck = 1520;
				TargetAttributes = {
					A1D32E922CBAD2F600E73873 = {
						CreatedOnToolsVersion = 15.2;
					};
				};
			};
			buildConfigurationList = A1D32E8E2CBAD2F600E73873 /* Build configuration list for PBXProject "E-commerce-App" */;
			compatibilityVersion = "Xcode 14.0";
			developmentRegion = en;
			hasScannedForEncodings = 0;
			knownRegions = (
				en,
				Base,
			);
			mainGroup = A1D32E8A2CBAD2F600E73873;
			productRefGroup = A1D32E942CBAD2F600E73873 /* Products */;
			projectDirPath = "";
			projectRoot = "";
			targets = (
				A1D32E922CBAD2F600E73873 /* E-commerce-App */,
			);
		};
/* End PBXProject section */

/* Begin PBXResourcesBuildPhase section */
		A1D32E912CBAD2F600E73873 /* Resources */ = {
			isa = PBXResourcesBuildPhase;
			buildActionMask = 2147483647;
			files = (
				A137F9842CDDCE3A00A75DA3 /* shoppingList.json in Resources */,
				A1D32ED32CBCCA8C00E73873 /* Montserrat-SemiBold.ttf in Resources */,
				A137F97C2CDD2D4200A75DA3 /* trendingProduct.json in Resources */,
				A1D32ECF2CBCCA0800E73873 /* Montserrat-Bold.ttf in Resources */,
				A1D32ED02CBCCA0800E73873 /* Montserrat-Light.ttf in Resources */,
				A137F9752CDBC2F700A75DA3 /* userInfor.json in Resources */,
				A137F97E2CDD2F6500A75DA3 /* detail.json in Resources */,
				A137F9862CDE733F00A75DA3 /* shoppingBag.json in Resources */,
				A137F9782CDBC32E00A75DA3 /* Category.json in Resources */,
				A1D32ED12CBCCA0800E73873 /* Montserrat-Medium.ttf in Resources */,
				A1D32ED22CBCCA0800E73873 /* Montserrat-Regular.ttf in Resources */,
				A137F97A2CDBC4F700A75DA3 /* newArrival.json in Resources */,
				A1D32EA32CBAD2F800E73873 /* LaunchScreen.storyboard in Resources */,
				A1D32EA02CBAD2F800E73873 /* Assets.xcassets in Resources */,
			);
			runOnlyForDeploymentPostprocessing = 0;
		};
/* End PBXResourcesBuildPhase section */

/* Begin PBXShellScriptBuildPhase section */
		2505412136EA85C6886A36ED /* [CP] Check Pods Manifest.lock */ = {
			isa = PBXShellScriptBuildPhase;
			buildActionMask = 2147483647;
			files = (
			);
			inputFileListPaths = (
			);
			inputPaths = (
				"${PODS_PODFILE_DIR_PATH}/Podfile.lock",
				"${PODS_ROOT}/Manifest.lock",
			);
			name = "[CP] Check Pods Manifest.lock";
			outputFileListPaths = (
			);
			outputPaths = (
				"$(DERIVED_FILE_DIR)/Pods-E-commerce-App-checkManifestLockResult.txt",
			);
			runOnlyForDeploymentPostprocessing = 0;
			shellPath = /bin/sh;
			shellScript = "diff \"${PODS_PODFILE_DIR_PATH}/Podfile.lock\" \"${PODS_ROOT}/Manifest.lock\" > /dev/null\nif [ $? != 0 ] ; then\n    # print error to STDERR\n    echo \"error: The sandbox is not in sync with the Podfile.lock. Run 'pod install' or update your CocoaPods installation.\" >&2\n    exit 1\nfi\n# This output is used by Xcode 'outputs' to avoid re-running this script phase.\necho \"SUCCESS\" > \"${SCRIPT_OUTPUT_FILE_0}\"\n";
			showEnvVarsInLog = 0;
		};
		817F6AE57B0D259401B5AEFE /* [CP] Embed Pods Frameworks */ = {
			isa = PBXShellScriptBuildPhase;
			buildActionMask = 2147483647;
			files = (
			);
			inputFileListPaths = (
				"${PODS_ROOT}/Target Support Files/Pods-E-commerce-App/Pods-E-commerce-App-frameworks-${CONFIGURATION}-input-files.xcfilelist",
			);
			name = "[CP] Embed Pods Frameworks";
			outputFileListPaths = (
				"${PODS_ROOT}/Target Support Files/Pods-E-commerce-App/Pods-E-commerce-App-frameworks-${CONFIGURATION}-output-files.xcfilelist",
			);
			runOnlyForDeploymentPostprocessing = 0;
			shellPath = /bin/sh;
			shellScript = "\"${PODS_ROOT}/Target Support Files/Pods-E-commerce-App/Pods-E-commerce-App-frameworks.sh\"\n";
			showEnvVarsInLog = 0;
		};
/* End PBXShellScriptBuildPhase section */

/* Begin PBXSourcesBuildPhase section */
		A1D32E8F2CBAD2F600E73873 /* Sources */ = {
			isa = PBXSourcesBuildPhase;
			buildActionMask = 2147483647;
			files = (
				A1D32EB52CBAD74E00E73873 /* UIView+Ext.swift in Sources */,
				A10F869D2CC81009003D025F /* WishListViewModel.swift in Sources */,
				A1D32EB32CBAD74200E73873 /* UIStackView+Ext.swift in Sources */,
				A1D32EFE2CC0DBB200E73873 /* mockApi.swift in Sources */,
				A10F86942CC6C97B003D025F /* TrendingView.swift in Sources */,
				A1D32EBB2CBAD7AE00E73873 /* UIFont+Ext.swift in Sources */,
				A10F86962CC6C986003D025F /* TrendingViewModel.swift in Sources */,
				A1D32ED92CBCE4EF00E73873 /* GetStartedViewController.swift in Sources */,
				A10F86A92CD4A839003D025F /* SetupViewModel.swift in Sources */,
				A1D32EE12CBD6FAE00E73873 /* CreatAccViewModel.swift in Sources */,
				A1D32EFA2CC0D7AE00E73873 /* HomeViewModel.swift in Sources */,
				A1D32EE82CBF835C00E73873 /* HomeViewController.swift in Sources */,
				A10F86A32CCB7491003D025F /* CustomButtonView.swift in Sources */,
				A10F86A12CC8F45B003D025F /* DetailViewModel.swift in Sources */,
				A1D32F002CC0EA5700E73873 /* UIImageView+Ext.swift in Sources */,
				A1D32F1E2CC56BA200E73873 /* String Ext.swift in Sources */,
				A137F9712CD7D63600A75DA3 /* CartViewModel.swift in Sources */,
				A1D32EAC2CBAD4ED00E73873 /* SignInViewController.swift in Sources */,
				A1D32F062CC1094C00E73873 /* SearchResultViewController.swift in Sources */,
				A1D32F082CC17F3B00E73873 /* NavigationBar.swift in Sources */,
				A1D32EDB2CBCE51A00E73873 /* API Target.swift in Sources */,
				A10F86912CC6499D003D025F /* SpecialViewModel.swift in Sources */,
				A1D32E972CBAD2F600E73873 /* AppDelegate.swift in Sources */,
				A1D32EDF2CBD6BA100E73873 /* mock.swift in Sources */,
				A1D32EFC2CC0D7FE00E73873 /* APITargetHomeVC.swift in Sources */,
				A10F868F2CC64925003D025F /* SpecialOfferView.swift in Sources */,
				A1D32F0A2CC231BF00E73873 /* UISearchBar+Ext.swift in Sources */,
				A1D32EEC2CBF839000E73873 /* SearchViewController.swift in Sources */,
				A1D32EB92CBAD79E00E73873 /* UIButton+Ext.swift in Sources */,
				A1D32EEE2CBF839D00E73873 /* SetupViewController.swift in Sources */,
				A1D32EB72CBAD78C00E73873 /* UIColor+Ext.swift in Sources */,
				A10F869F2CC8F448003D025F /* DetailViewController.swift in Sources */,
				A1D32EAE2CBAD67700E73873 /* SignInViewModel.swift in Sources */,
				A1D32ED72CBCDF8E00E73873 /* FindPasswordViewController.swift in Sources */,
				A1D32F0C2CC23C4F00E73873 /* AllFeatureView.swift in Sources */,
				A137F9882CDE748900A75DA3 /* ShopBagViewModel.swift in Sources */,
				A1D32F112CC2BF4D00E73873 /* SaleOffCollectionViewCell.swift in Sources */,
				A1D32ED52CBCDF7E00E73873 /* CreatAccViewController.swift in Sources */,
				A1D32F182CC4323300E73873 /* DealOfTheDayView.swift in Sources */,
				A1D32F1A2CC4328900E73873 /* DealViewModel.swift in Sources */,
				A10F86A72CD228EE003D025F /* SimilarViewModel.swift in Sources */,
				A1D32EDD2CBD0C9F00E73873 /* FindPwViewModel.swift in Sources */,
				A137F9732CD8C7A200A75DA3 /* ShoppingBagViewController.swift in Sources */,
				A1D32F0E2CC24A2500E73873 /* ItemCollectionViewCell.swift in Sources */,
				A10F869B2CC77FEC003D025F /* BottomViewModel.swift in Sources */,
				A137F96F2CD53A9300A75DA3 /* CartTableViewCell.swift in Sources */,
				A10F86A52CCB8EF2003D025F /* SimilarView.swift in Sources */,
				A1D32EF62CBF974700E73873 /* CartViewController.swift in Sources */,
				A1D32EF42CBF8F5300E73873 /* TabBarController.swift in Sources */,
				A1D32F152CC2C14700E73873 /* AllFeatureViewModel.swift in Sources */,
				A1D32F1C2CC565FA00E73873 /* ProductCell.swift in Sources */,
				A10F86992CC77FE0003D025F /* BottomView.swift in Sources */,
				A1D32EEA2CBF837400E73873 /* WishlistViewController.swift in Sources */,
				A1D32EB12CBAD72B00E73873 /* Withable.swift in Sources */,
			);
			runOnlyForDeploymentPostprocessing = 0;
		};
/* End PBXSourcesBuildPhase section */

/* Begin PBXVariantGroup section */
		A1D32EA12CBAD2F800E73873 /* LaunchScreen.storyboard */ = {
			isa = PBXVariantGroup;
			children = (
				A1D32EA22CBAD2F800E73873 /* Base */,
			);
			name = LaunchScreen.storyboard;
			sourceTree = "<group>";
		};
/* End PBXVariantGroup section */

/* Begin XCBuildConfiguration section */
		A1D32EA52CBAD2F800E73873 /* Debug */ = {
			isa = XCBuildConfiguration;
			buildSettings = {
				ALWAYS_SEARCH_USER_PATHS = NO;
				ASSETCATALOG_COMPILER_GENERATE_SWIFT_ASSET_SYMBOL_EXTENSIONS = YES;
				CLANG_ANALYZER_NONNULL = YES;
				CLANG_ANALYZER_NUMBER_OBJECT_CONVERSION = YES_AGGRESSIVE;
				CLANG_CXX_LANGUAGE_STANDARD = "gnu++20";
				CLANG_ENABLE_MODULES = YES;
				CLANG_ENABLE_OBJC_ARC = YES;
				CLANG_ENABLE_OBJC_WEAK = YES;
				CLANG_WARN_BLOCK_CAPTURE_AUTORELEASING = YES;
				CLANG_WARN_BOOL_CONVERSION = YES;
				CLANG_WARN_COMMA = YES;
				CLANG_WARN_CONSTANT_CONVERSION = YES;
				CLANG_WARN_DEPRECATED_OBJC_IMPLEMENTATIONS = YES;
				CLANG_WARN_DIRECT_OBJC_ISA_USAGE = YES_ERROR;
				CLANG_WARN_DOCUMENTATION_COMMENTS = YES;
				CLANG_WARN_EMPTY_BODY = YES;
				CLANG_WARN_ENUM_CONVERSION = YES;
				CLANG_WARN_INFINITE_RECURSION = YES;
				CLANG_WARN_INT_CONVERSION = YES;
				CLANG_WARN_NON_LITERAL_NULL_CONVERSION = YES;
				CLANG_WARN_OBJC_IMPLICIT_RETAIN_SELF = YES;
				CLANG_WARN_OBJC_LITERAL_CONVERSION = YES;
				CLANG_WARN_OBJC_ROOT_CLASS = YES_ERROR;
				CLANG_WARN_QUOTED_INCLUDE_IN_FRAMEWORK_HEADER = YES;
				CLANG_WARN_RANGE_LOOP_ANALYSIS = YES;
				CLANG_WARN_STRICT_PROTOTYPES = YES;
				CLANG_WARN_SUSPICIOUS_MOVE = YES;
				CLANG_WARN_UNGUARDED_AVAILABILITY = YES_AGGRESSIVE;
				CLANG_WARN_UNREACHABLE_CODE = YES;
				CLANG_WARN__DUPLICATE_METHOD_MATCH = YES;
				COPY_PHASE_STRIP = NO;
				DEBUG_INFORMATION_FORMAT = dwarf;
				ENABLE_STRICT_OBJC_MSGSEND = YES;
				ENABLE_TESTABILITY = YES;
				ENABLE_USER_SCRIPT_SANDBOXING = YES;
				GCC_C_LANGUAGE_STANDARD = gnu17;
				GCC_DYNAMIC_NO_PIC = NO;
				GCC_NO_COMMON_BLOCKS = YES;
				GCC_OPTIMIZATION_LEVEL = 0;
				GCC_PREPROCESSOR_DEFINITIONS = (
					"DEBUG=1",
					"$(inherited)",
				);
				GCC_WARN_64_TO_32_BIT_CONVERSION = YES;
				GCC_WARN_ABOUT_RETURN_TYPE = YES_ERROR;
				GCC_WARN_UNDECLARED_SELECTOR = YES;
				GCC_WARN_UNINITIALIZED_AUTOS = YES_AGGRESSIVE;
				GCC_WARN_UNUSED_FUNCTION = YES;
				GCC_WARN_UNUSED_VARIABLE = YES;
				IPHONEOS_DEPLOYMENT_TARGET = 17.2;
				LOCALIZATION_PREFERS_STRING_CATALOGS = YES;
				MTL_ENABLE_DEBUG_INFO = INCLUDE_SOURCE;
				MTL_FAST_MATH = YES;
				ONLY_ACTIVE_ARCH = YES;
				SDKROOT = iphoneos;
				SWIFT_ACTIVE_COMPILATION_CONDITIONS = "DEBUG $(inherited)";
				SWIFT_OPTIMIZATION_LEVEL = "-Onone";
			};
			name = Debug;
		};
		A1D32EA62CBAD2F800E73873 /* Release */ = {
			isa = XCBuildConfiguration;
			buildSettings = {
				ALWAYS_SEARCH_USER_PATHS = NO;
				ASSETCATALOG_COMPILER_GENERATE_SWIFT_ASSET_SYMBOL_EXTENSIONS = YES;
				CLANG_ANALYZER_NONNULL = YES;
				CLANG_ANALYZER_NUMBER_OBJECT_CONVERSION = YES_AGGRESSIVE;
				CLANG_CXX_LANGUAGE_STANDARD = "gnu++20";
				CLANG_ENABLE_MODULES = YES;
				CLANG_ENABLE_OBJC_ARC = YES;
				CLANG_ENABLE_OBJC_WEAK = YES;
				CLANG_WARN_BLOCK_CAPTURE_AUTORELEASING = YES;
				CLANG_WARN_BOOL_CONVERSION = YES;
				CLANG_WARN_COMMA = YES;
				CLANG_WARN_CONSTANT_CONVERSION = YES;
				CLANG_WARN_DEPRECATED_OBJC_IMPLEMENTATIONS = YES;
				CLANG_WARN_DIRECT_OBJC_ISA_USAGE = YES_ERROR;
				CLANG_WARN_DOCUMENTATION_COMMENTS = YES;
				CLANG_WARN_EMPTY_BODY = YES;
				CLANG_WARN_ENUM_CONVERSION = YES;
				CLANG_WARN_INFINITE_RECURSION = YES;
				CLANG_WARN_INT_CONVERSION = YES;
				CLANG_WARN_NON_LITERAL_NULL_CONVERSION = YES;
				CLANG_WARN_OBJC_IMPLICIT_RETAIN_SELF = YES;
				CLANG_WARN_OBJC_LITERAL_CONVERSION = YES;
				CLANG_WARN_OBJC_ROOT_CLASS = YES_ERROR;
				CLANG_WARN_QUOTED_INCLUDE_IN_FRAMEWORK_HEADER = YES;
				CLANG_WARN_RANGE_LOOP_ANALYSIS = YES;
				CLANG_WARN_STRICT_PROTOTYPES = YES;
				CLANG_WARN_SUSPICIOUS_MOVE = YES;
				CLANG_WARN_UNGUARDED_AVAILABILITY = YES_AGGRESSIVE;
				CLANG_WARN_UNREACHABLE_CODE = YES;
				CLANG_WARN__DUPLICATE_METHOD_MATCH = YES;
				COPY_PHASE_STRIP = NO;
				DEBUG_INFORMATION_FORMAT = "dwarf-with-dsym";
				ENABLE_NS_ASSERTIONS = NO;
				ENABLE_STRICT_OBJC_MSGSEND = YES;
				ENABLE_USER_SCRIPT_SANDBOXING = YES;
				GCC_C_LANGUAGE_STANDARD = gnu17;
				GCC_NO_COMMON_BLOCKS = YES;
				GCC_WARN_64_TO_32_BIT_CONVERSION = YES;
				GCC_WARN_ABOUT_RETURN_TYPE = YES_ERROR;
				GCC_WARN_UNDECLARED_SELECTOR = YES;
				GCC_WARN_UNINITIALIZED_AUTOS = YES_AGGRESSIVE;
				GCC_WARN_UNUSED_FUNCTION = YES;
				GCC_WARN_UNUSED_VARIABLE = YES;
				IPHONEOS_DEPLOYMENT_TARGET = 17.2;
				LOCALIZATION_PREFERS_STRING_CATALOGS = YES;
				MTL_ENABLE_DEBUG_INFO = NO;
				MTL_FAST_MATH = YES;
				SDKROOT = iphoneos;
				SWIFT_COMPILATION_MODE = wholemodule;
				VALIDATE_PRODUCT = YES;
			};
			name = Release;
		};
		A1D32EA82CBAD2F800E73873 /* Debug */ = {
			isa = XCBuildConfiguration;
			baseConfigurationReference = A9B881BFF69DF9B4AD509198 /* Pods-E-commerce-App.debug.xcconfig */;
			buildSettings = {
				ASSETCATALOG_COMPILER_APPICON_NAME = AppIcon;
				ASSETCATALOG_COMPILER_GLOBAL_ACCENT_COLOR_NAME = AccentColor;
				CODE_SIGN_STYLE = Automatic;
				CURRENT_PROJECT_VERSION = 1;
				DEVELOPMENT_TEAM = 26M3H74736;
				ENABLE_USER_SCRIPT_SANDBOXING = NO;
				GENERATE_INFOPLIST_FILE = YES;
				INFOPLIST_FILE = "E-commerce-App/Info.plist";
				INFOPLIST_KEY_UIApplicationSupportsIndirectInputEvents = YES;
				INFOPLIST_KEY_UILaunchStoryboardName = LaunchScreen;
				INFOPLIST_KEY_UISupportedInterfaceOrientations_iPad = "UIInterfaceOrientationPortrait UIInterfaceOrientationPortraitUpsideDown UIInterfaceOrientationLandscapeLeft UIInterfaceOrientationLandscapeRight";
				INFOPLIST_KEY_UISupportedInterfaceOrientations_iPhone = "UIInterfaceOrientationPortrait UIInterfaceOrientationLandscapeLeft UIInterfaceOrientationLandscapeRight";
				LD_RUNPATH_SEARCH_PATHS = (
					"$(inherited)",
					"@executable_path/Frameworks",
				);
				MARKETING_VERSION = 1.0;
				PRODUCT_BUNDLE_IDENTIFIER = "me.vision.pro.exp.E-commerce-App";
				PRODUCT_NAME = "$(TARGET_NAME)";
				SWIFT_EMIT_LOC_STRINGS = YES;
				SWIFT_VERSION = 5.0;
				TARGETED_DEVICE_FAMILY = "1,2";
			};
			name = Debug;
		};
		A1D32EA92CBAD2F800E73873 /* Release */ = {
			isa = XCBuildConfiguration;
			baseConfigurationReference = 66A4EBD5A057B2A0E0D33694 /* Pods-E-commerce-App.release.xcconfig */;
			buildSettings = {
				ASSETCATALOG_COMPILER_APPICON_NAME = AppIcon;
				ASSETCATALOG_COMPILER_GLOBAL_ACCENT_COLOR_NAME = AccentColor;
				CODE_SIGN_STYLE = Automatic;
				CURRENT_PROJECT_VERSION = 1;
				DEVELOPMENT_TEAM = 26M3H74736;
				ENABLE_USER_SCRIPT_SANDBOXING = NO;
				GENERATE_INFOPLIST_FILE = YES;
				INFOPLIST_FILE = "E-commerce-App/Info.plist";
				INFOPLIST_KEY_UIApplicationSupportsIndirectInputEvents = YES;
				INFOPLIST_KEY_UILaunchStoryboardName = LaunchScreen;
				INFOPLIST_KEY_UISupportedInterfaceOrientations_iPad = "UIInterfaceOrientationPortrait UIInterfaceOrientationPortraitUpsideDown UIInterfaceOrientationLandscapeLeft UIInterfaceOrientationLandscapeRight";
				INFOPLIST_KEY_UISupportedInterfaceOrientations_iPhone = "UIInterfaceOrientationPortrait UIInterfaceOrientationLandscapeLeft UIInterfaceOrientationLandscapeRight";
				LD_RUNPATH_SEARCH_PATHS = (
					"$(inherited)",
					"@executable_path/Frameworks",
				);
				MARKETING_VERSION = 1.0;
				PRODUCT_BUNDLE_IDENTIFIER = "me.vision.pro.exp.E-commerce-App";
				PRODUCT_NAME = "$(TARGET_NAME)";
				SWIFT_EMIT_LOC_STRINGS = YES;
				SWIFT_VERSION = 5.0;
				TARGETED_DEVICE_FAMILY = "1,2";
			};
			name = Release;
		};
/* End XCBuildConfiguration section */

/* Begin XCConfigurationList section */
		A1D32E8E2CBAD2F600E73873 /* Build configuration list for PBXProject "E-commerce-App" */ = {
			isa = XCConfigurationList;
			buildConfigurations = (
				A1D32EA52CBAD2F800E73873 /* Debug */,
				A1D32EA62CBAD2F800E73873 /* Release */,
			);
			defaultConfigurationIsVisible = 0;
			defaultConfigurationName = Release;
		};
		A1D32EA72CBAD2F800E73873 /* Build configuration list for PBXNativeTarget "E-commerce-App" */ = {
			isa = XCConfigurationList;
			buildConfigurations = (
				A1D32EA82CBAD2F800E73873 /* Debug */,
				A1D32EA92CBAD2F800E73873 /* Release */,
			);
			defaultConfigurationIsVisible = 0;
			defaultConfigurationName = Release;
		};
/* End XCConfigurationList section */
	};
	rootObject = A1D32E8B2CBAD2F600E73873 /* Project object */;
}
